// !$*UTF8*$!
{
	archiveVersion = 1;
	classes = {
	};
	objectVersion = 50;
	objects = {

/* Begin PBXBuildFile section */
		31383550ED0A5107E9EA939F /* Pods_MWCategoryTable.framework in Frameworks */ = {isa = PBXBuildFile; fileRef = 5786C514F27B1F277A2A98B1 /* Pods_MWCategoryTable.framework */; };
		7A0DCD1C22951A39004A4C41 /* MWNetwork.m in Sources */ = {isa = PBXBuildFile; fileRef = 7A0DCD1B22951A39004A4C41 /* MWNetwork.m */; };
		7A0DCD2022951B08004A4C41 /* MWNetwork+Category.m in Sources */ = {isa = PBXBuildFile; fileRef = 7A0DCD1F22951B08004A4C41 /* MWNetwork+Category.m */; };
		7A0DCD2B22951B76004A4C41 /* MWCategoryModel.m in Sources */ = {isa = PBXBuildFile; fileRef = 7A0DCD2822951B76004A4C41 /* MWCategoryModel.m */; };
		7A0DCD2E22952503004A4C41 /* MWNewsModel.m in Sources */ = {isa = PBXBuildFile; fileRef = 7A0DCD2D22952503004A4C41 /* MWNewsModel.m */; };
		7A0DCD3422953DA5004A4C41 /* MWCategoryListViewController.m in Sources */ = {isa = PBXBuildFile; fileRef = 7A0DCD3322953DA5004A4C41 /* MWCategoryListViewController.m */; };
		7A0DCD3722953DC1004A4C41 /* MWCategoryTableManager.m in Sources */ = {isa = PBXBuildFile; fileRef = 7A0DCD3622953DC1004A4C41 /* MWCategoryTableManager.m */; };
		7A0DCD3B22953E34004A4C41 /* MWCategoryNewsCell.m in Sources */ = {isa = PBXBuildFile; fileRef = 7A0DCD3A22953E34004A4C41 /* MWCategoryNewsCell.m */; };
		7A7BE6CD2296454900DAABDA /* MWNewsCellModel.m in Sources */ = {isa = PBXBuildFile; fileRef = 7A7BE6CC2296454900DAABDA /* MWNewsCellModel.m */; };
		7AE27A852293C41A00F7947B /* AppDelegate.m in Sources */ = {isa = PBXBuildFile; fileRef = 7AE27A842293C41A00F7947B /* AppDelegate.m */; };
		7AE27A8D2293C41C00F7947B /* Assets.xcassets in Resources */ = {isa = PBXBuildFile; fileRef = 7AE27A8C2293C41C00F7947B /* Assets.xcassets */; };
		7AE27A902293C41C00F7947B /* LaunchScreen.storyboard in Resources */ = {isa = PBXBuildFile; fileRef = 7AE27A8E2293C41C00F7947B /* LaunchScreen.storyboard */; };
		7AE27A932293C41C00F7947B /* main.m in Sources */ = {isa = PBXBuildFile; fileRef = 7AE27A922293C41C00F7947B /* main.m */; };
		7AE27AA92293C46500F7947B /* UIViewController+Swizzle.m in Sources */ = {isa = PBXBuildFile; fileRef = 7AE27AA32293C46500F7947B /* UIViewController+Swizzle.m */; };
		7AE27AAA2293C46500F7947B /* CallStack.m in Sources */ = {isa = PBXBuildFile; fileRef = 7AE27AA72293C46500F7947B /* CallStack.m */; };
		7AE27AAB2293C46500F7947B /* ObserveCaton.m in Sources */ = {isa = PBXBuildFile; fileRef = 7AE27AA82293C46500F7947B /* ObserveCaton.m */; };
		7AE27AB22293C9BF00F7947B /* MWCategoryListView.m in Sources */ = {isa = PBXBuildFile; fileRef = 7AE27AB12293C9BF00F7947B /* MWCategoryListView.m */; };
		7AE27AB52293CAB300F7947B /* MWCategoryTabView.m in Sources */ = {isa = PBXBuildFile; fileRef = 7AE27AB42293CAB300F7947B /* MWCategoryTabView.m */; };
		7AE27AC02294150000F7947B /* MWCategoryTableCell.m in Sources */ = {isa = PBXBuildFile; fileRef = 7AE27ABF2294150000F7947B /* MWCategoryTableCell.m */; };
/* End PBXBuildFile section */

/* Begin PBXFileReference section */
		5351903D0191F3A966940541 /* Pods-MWCategoryTable.release.xcconfig */ = {isa = PBXFileReference; includeInIndex = 1; lastKnownFileType = text.xcconfig; name = "Pods-MWCategoryTable.release.xcconfig"; path = "Target Support Files/Pods-MWCategoryTable/Pods-MWCategoryTable.release.xcconfig"; sourceTree = "<group>"; };
		5786C514F27B1F277A2A98B1 /* Pods_MWCategoryTable.framework */ = {isa = PBXFileReference; explicitFileType = wrapper.framework; includeInIndex = 0; path = Pods_MWCategoryTable.framework; sourceTree = BUILT_PRODUCTS_DIR; };
		7A0DCD182294F3CF004A4C41 /* MWDefines.h */ = {isa = PBXFileReference; lastKnownFileType = sourcecode.c.h; path = MWDefines.h; sourceTree = "<group>"; };
		7A0DCD1A22951A39004A4C41 /* MWNetwork.h */ = {isa = PBXFileReference; lastKnownFileType = sourcecode.c.h; path = MWNetwork.h; sourceTree = "<group>"; };
		7A0DCD1B22951A39004A4C41 /* MWNetwork.m */ = {isa = PBXFileReference; lastKnownFileType = sourcecode.c.objc; path = MWNetwork.m; sourceTree = "<group>"; };
		7A0DCD1D22951AA6004A4C41 /* MWWebApi.h */ = {isa = PBXFileReference; lastKnownFileType = sourcecode.c.h; path = MWWebApi.h; sourceTree = "<group>"; };
		7A0DCD1E22951B08004A4C41 /* MWNetwork+Category.h */ = {isa = PBXFileReference; lastKnownFileType = sourcecode.c.h; path = "MWNetwork+Category.h"; sourceTree = "<group>"; };
		7A0DCD1F22951B08004A4C41 /* MWNetwork+Category.m */ = {isa = PBXFileReference; lastKnownFileType = sourcecode.c.objc; path = "MWNetwork+Category.m"; sourceTree = "<group>"; };
		7A0DCD2622951B76004A4C41 /* MWCategoryModel.h */ = {isa = PBXFileReference; fileEncoding = 4; lastKnownFileType = sourcecode.c.h; path = MWCategoryModel.h; sourceTree = "<group>"; };
		7A0DCD2822951B76004A4C41 /* MWCategoryModel.m */ = {isa = PBXFileReference; fileEncoding = 4; lastKnownFileType = sourcecode.c.objc; path = MWCategoryModel.m; sourceTree = "<group>"; };
		7A0DCD2C22952503004A4C41 /* MWNewsModel.h */ = {isa = PBXFileReference; lastKnownFileType = sourcecode.c.h; path = MWNewsModel.h; sourceTree = "<group>"; };
		7A0DCD2D22952503004A4C41 /* MWNewsModel.m */ = {isa = PBXFileReference; lastKnownFileType = sourcecode.c.objc; path = MWNewsModel.m; sourceTree = "<group>"; };
		7A0DCD3122953DA5004A4C41 /* MWCategoryListViewController.h */ = {isa = PBXFileReference; fileEncoding = 4; lastKnownFileType = sourcecode.c.h; path = MWCategoryListViewController.h; sourceTree = "<group>"; };
		7A0DCD3322953DA5004A4C41 /* MWCategoryListViewController.m */ = {isa = PBXFileReference; fileEncoding = 4; lastKnownFileType = sourcecode.c.objc; path = MWCategoryListViewController.m; sourceTree = "<group>"; };
		7A0DCD3522953DC1004A4C41 /* MWCategoryTableManager.h */ = {isa = PBXFileReference; fileEncoding = 4; lastKnownFileType = sourcecode.c.h; path = MWCategoryTableManager.h; sourceTree = "<group>"; };
		7A0DCD3622953DC1004A4C41 /* MWCategoryTableManager.m */ = {isa = PBXFileReference; fileEncoding = 4; lastKnownFileType = sourcecode.c.objc; path = MWCategoryTableManager.m; sourceTree = "<group>"; };
		7A0DCD3922953E34004A4C41 /* MWCategoryNewsCell.h */ = {isa = PBXFileReference; lastKnownFileType = sourcecode.c.h; path = MWCategoryNewsCell.h; sourceTree = "<group>"; };
		7A0DCD3A22953E34004A4C41 /* MWCategoryNewsCell.m */ = {isa = PBXFileReference; lastKnownFileType = sourcecode.c.objc; path = MWCategoryNewsCell.m; sourceTree = "<group>"; };
		7A7BE6CB2296454900DAABDA /* MWNewsCellModel.h */ = {isa = PBXFileReference; lastKnownFileType = sourcecode.c.h; path = MWNewsCellModel.h; sourceTree = "<group>"; };
		7A7BE6CC2296454900DAABDA /* MWNewsCellModel.m */ = {isa = PBXFileReference; lastKnownFileType = sourcecode.c.objc; path = MWNewsCellModel.m; sourceTree = "<group>"; };
		7AE27A802293C41A00F7947B /* MWCategoryTable.app */ = {isa = PBXFileReference; explicitFileType = wrapper.application; includeInIndex = 0; path = MWCategoryTable.app; sourceTree = BUILT_PRODUCTS_DIR; };
		7AE27A832293C41A00F7947B /* AppDelegate.h */ = {isa = PBXFileReference; lastKnownFileType = sourcecode.c.h; path = AppDelegate.h; sourceTree = "<group>"; };
		7AE27A842293C41A00F7947B /* AppDelegate.m */ = {isa = PBXFileReference; lastKnownFileType = sourcecode.c.objc; path = AppDelegate.m; sourceTree = "<group>"; };
		7AE27A8C2293C41C00F7947B /* Assets.xcassets */ = {isa = PBXFileReference; lastKnownFileType = folder.assetcatalog; path = Assets.xcassets; sourceTree = "<group>"; };
		7AE27A8F2293C41C00F7947B /* Base */ = {isa = PBXFileReference; lastKnownFileType = file.storyboard; name = Base; path = Base.lproj/LaunchScreen.storyboard; sourceTree = "<group>"; };
		7AE27A912293C41C00F7947B /* Info.plist */ = {isa = PBXFileReference; lastKnownFileType = text.plist.xml; path = Info.plist; sourceTree = "<group>"; };
		7AE27A922293C41C00F7947B /* main.m */ = {isa = PBXFileReference; lastKnownFileType = sourcecode.c.objc; path = main.m; sourceTree = "<group>"; };
		7AE27AA32293C46500F7947B /* UIViewController+Swizzle.m */ = {isa = PBXFileReference; fileEncoding = 4; lastKnownFileType = sourcecode.c.objc; path = "UIViewController+Swizzle.m"; sourceTree = "<group>"; };
		7AE27AA42293C46500F7947B /* CallStack.h */ = {isa = PBXFileReference; fileEncoding = 4; lastKnownFileType = sourcecode.c.h; path = CallStack.h; sourceTree = "<group>"; };
		7AE27AA52293C46500F7947B /* ObserveCaton.h */ = {isa = PBXFileReference; fileEncoding = 4; lastKnownFileType = sourcecode.c.h; path = ObserveCaton.h; sourceTree = "<group>"; };
		7AE27AA62293C46500F7947B /* UIViewController+Swizzle.h */ = {isa = PBXFileReference; fileEncoding = 4; lastKnownFileType = sourcecode.c.h; path = "UIViewController+Swizzle.h"; sourceTree = "<group>"; };
		7AE27AA72293C46500F7947B /* CallStack.m */ = {isa = PBXFileReference; fileEncoding = 4; lastKnownFileType = sourcecode.c.objc; path = CallStack.m; sourceTree = "<group>"; };
		7AE27AA82293C46500F7947B /* ObserveCaton.m */ = {isa = PBXFileReference; fileEncoding = 4; lastKnownFileType = sourcecode.c.objc; path = ObserveCaton.m; sourceTree = "<group>"; };
		7AE27AB02293C9BF00F7947B /* MWCategoryListView.h */ = {isa = PBXFileReference; lastKnownFileType = sourcecode.c.h; path = MWCategoryListView.h; sourceTree = "<group>"; };
		7AE27AB12293C9BF00F7947B /* MWCategoryListView.m */ = {isa = PBXFileReference; lastKnownFileType = sourcecode.c.objc; path = MWCategoryListView.m; sourceTree = "<group>"; };
		7AE27AB32293CAB300F7947B /* MWCategoryTabView.h */ = {isa = PBXFileReference; lastKnownFileType = sourcecode.c.h; path = MWCategoryTabView.h; sourceTree = "<group>"; };
		7AE27AB42293CAB300F7947B /* MWCategoryTabView.m */ = {isa = PBXFileReference; lastKnownFileType = sourcecode.c.objc; path = MWCategoryTabView.m; sourceTree = "<group>"; };
		7AE27AB62293CB3A00F7947B /* MWCategoryItemProtocol.h */ = {isa = PBXFileReference; lastKnownFileType = sourcecode.c.h; path = MWCategoryItemProtocol.h; sourceTree = "<group>"; };
		7AE27ABE2294150000F7947B /* MWCategoryTableCell.h */ = {isa = PBXFileReference; lastKnownFileType = sourcecode.c.h; path = MWCategoryTableCell.h; sourceTree = "<group>"; };
		7AE27ABF2294150000F7947B /* MWCategoryTableCell.m */ = {isa = PBXFileReference; lastKnownFileType = sourcecode.c.objc; path = MWCategoryTableCell.m; sourceTree = "<group>"; };
		7AE27AC4229418D500F7947B /* MWCategoryTableManagerProtocol.h */ = {isa = PBXFileReference; lastKnownFileType = sourcecode.c.h; path = MWCategoryTableManagerProtocol.h; sourceTree = "<group>"; };
		CC1EC0FF071AB5A762FFDA08 /* Pods-MWCategoryTable.debug.xcconfig */ = {isa = PBXFileReference; includeInIndex = 1; lastKnownFileType = text.xcconfig; name = "Pods-MWCategoryTable.debug.xcconfig"; path = "Target Support Files/Pods-MWCategoryTable/Pods-MWCategoryTable.debug.xcconfig"; sourceTree = "<group>"; };
/* End PBXFileReference section */

/* Begin PBXFrameworksBuildPhase section */
		7AE27A7D2293C41A00F7947B /* Frameworks */ = {
			isa = PBXFrameworksBuildPhase;
			buildActionMask = 2147483647;
			files = (
				31383550ED0A5107E9EA939F /* Pods_MWCategoryTable.framework in Frameworks */,
			);
			runOnlyForDeploymentPostprocessing = 0;
		};
/* End PBXFrameworksBuildPhase section */

/* Begin PBXGroup section */
		2D9BF47B1BC278A92136255C /* Pods */ = {
			isa = PBXGroup;
			children = (
				CC1EC0FF071AB5A762FFDA08 /* Pods-MWCategoryTable.debug.xcconfig */,
				5351903D0191F3A966940541 /* Pods-MWCategoryTable.release.xcconfig */,
			);
			path = Pods;
			sourceTree = "<group>";
		};
		5CB1C5A076E46CA95AE350E8 /* Frameworks */ = {
			isa = PBXGroup;
			children = (
				5786C514F27B1F277A2A98B1 /* Pods_MWCategoryTable.framework */,
			);
			name = Frameworks;
			sourceTree = "<group>";
		};
		7A0DCD19229519E0004A4C41 /* Network */ = {
			isa = PBXGroup;
			children = (
				7A0DCD1D22951AA6004A4C41 /* MWWebApi.h */,
				7A0DCD1A22951A39004A4C41 /* MWNetwork.h */,
				7A0DCD1B22951A39004A4C41 /* MWNetwork.m */,
				7A0DCD1E22951B08004A4C41 /* MWNetwork+Category.h */,
				7A0DCD1F22951B08004A4C41 /* MWNetwork+Category.m */,
			);
			path = Network;
			sourceTree = "<group>";
		};
		7A0DCD2122951B76004A4C41 /* VC */ = {
			isa = PBXGroup;
			children = (
				7A0DCD3022953DA5004A4C41 /* CategoryList */,
			);
			path = VC;
			sourceTree = "<group>";
		};
		7A0DCD2422951B76004A4C41 /* Model */ = {
			isa = PBXGroup;
			children = (
				7A0DCD2622951B76004A4C41 /* MWCategoryModel.h */,
				7A0DCD2822951B76004A4C41 /* MWCategoryModel.m */,
				7A0DCD2C22952503004A4C41 /* MWNewsModel.h */,
				7A0DCD2D22952503004A4C41 /* MWNewsModel.m */,
			);
			path = Model;
			sourceTree = "<group>";
		};
		7A0DCD3022953DA5004A4C41 /* CategoryList */ = {
			isa = PBXGroup;
			children = (
				7A7BE6CA2296451600DAABDA /* CellModel */,
				7A0DCD3822953E11004A4C41 /* Cell */,
				7A0DCD3222953DA5004A4C41 /* TableManager */,
				7A0DCD3122953DA5004A4C41 /* MWCategoryListViewController.h */,
				7A0DCD3322953DA5004A4C41 /* MWCategoryListViewController.m */,
			);
			path = CategoryList;
			sourceTree = "<group>";
		};
		7A0DCD3222953DA5004A4C41 /* TableManager */ = {
			isa = PBXGroup;
			children = (
				7A0DCD3522953DC1004A4C41 /* MWCategoryTableManager.h */,
				7A0DCD3622953DC1004A4C41 /* MWCategoryTableManager.m */,
			);
			path = TableManager;
			sourceTree = "<group>";
		};
		7A0DCD3822953E11004A4C41 /* Cell */ = {
			isa = PBXGroup;
			children = (
				7A0DCD3922953E34004A4C41 /* MWCategoryNewsCell.h */,
				7A0DCD3A22953E34004A4C41 /* MWCategoryNewsCell.m */,
			);
			path = Cell;
			sourceTree = "<group>";
		};
		7A7BE6CA2296451600DAABDA /* CellModel */ = {
			isa = PBXGroup;
			children = (
				7A7BE6CB2296454900DAABDA /* MWNewsCellModel.h */,
				7A7BE6CC2296454900DAABDA /* MWNewsCellModel.m */,
			);
			path = CellModel;
			sourceTree = "<group>";
		};
		7AE27A772293C41A00F7947B = {
			isa = PBXGroup;
			children = (
				7AE27A822293C41A00F7947B /* MWCategoryTable */,
				7AE27A812293C41A00F7947B /* Products */,
				2D9BF47B1BC278A92136255C /* Pods */,
				5CB1C5A076E46CA95AE350E8 /* Frameworks */,
			);
			sourceTree = "<group>";
		};
		7AE27A812293C41A00F7947B /* Products */ = {
			isa = PBXGroup;
			children = (
				7AE27A802293C41A00F7947B /* MWCategoryTable.app */,
			);
			name = Products;
			sourceTree = "<group>";
		};
		7AE27A822293C41A00F7947B /* MWCategoryTable */ = {
			isa = PBXGroup;
			children = (
				7A0DCD2422951B76004A4C41 /* Model */,
				7A0DCD2122951B76004A4C41 /* VC */,
				7A0DCD19229519E0004A4C41 /* Network */,
				7AE27AA22293C46500F7947B /* Observe */,
				7AE27AAF2293C86100F7947B /* MWCategoryListView */,
				7AE27A832293C41A00F7947B /* AppDelegate.h */,
				7AE27A842293C41A00F7947B /* AppDelegate.m */,
				7A0DCD182294F3CF004A4C41 /* MWDefines.h */,
				7AE27A8C2293C41C00F7947B /* Assets.xcassets */,
				7AE27A8E2293C41C00F7947B /* LaunchScreen.storyboard */,
				7AE27A912293C41C00F7947B /* Info.plist */,
				7AE27A922293C41C00F7947B /* main.m */,
			);
			path = MWCategoryTable;
			sourceTree = "<group>";
		};
		7AE27AA22293C46500F7947B /* Observe */ = {
			isa = PBXGroup;
			children = (
				7AE27AA62293C46500F7947B /* UIViewController+Swizzle.h */,
				7AE27AA32293C46500F7947B /* UIViewController+Swizzle.m */,
				7AE27AA42293C46500F7947B /* CallStack.h */,
				7AE27AA72293C46500F7947B /* CallStack.m */,
				7AE27AA52293C46500F7947B /* ObserveCaton.h */,
				7AE27AA82293C46500F7947B /* ObserveCaton.m */,
			);
			path = Observe;
			sourceTree = "<group>";
		};
		7AE27AAF2293C86100F7947B /* MWCategoryListView */ = {
			isa = PBXGroup;
			children = (
				7AE27AB62293CB3A00F7947B /* MWCategoryItemProtocol.h */,
				7AE27AC4229418D500F7947B /* MWCategoryTableManagerProtocol.h */,
				7AE27AB02293C9BF00F7947B /* MWCategoryListView.h */,
				7AE27AB12293C9BF00F7947B /* MWCategoryListView.m */,
				7AE27ABE2294150000F7947B /* MWCategoryTableCell.h */,
				7AE27ABF2294150000F7947B /* MWCategoryTableCell.m */,
				7AE27AB32293CAB300F7947B /* MWCategoryTabView.h */,
				7AE27AB42293CAB300F7947B /* MWCategoryTabView.m */,
			);
			path = MWCategoryListView;
			sourceTree = "<group>";
		};
/* End PBXGroup section */

/* Begin PBXNativeTarget section */
		7AE27A7F2293C41A00F7947B /* MWCategoryTable */ = {
			isa = PBXNativeTarget;
			buildConfigurationList = 7AE27A962293C41C00F7947B /* Build configuration list for PBXNativeTarget "MWCategoryTable" */;
			buildPhases = (
				EDB12FC279E94BB4DA50B4B2 /* [CP] Check Pods Manifest.lock */,
				7AE27A7C2293C41A00F7947B /* Sources */,
				7AE27A7D2293C41A00F7947B /* Frameworks */,
				7AE27A7E2293C41A00F7947B /* Resources */,
				B58AC8D05C2DEC5AF38BC00C /* [CP] Embed Pods Frameworks */,
			);
			buildRules = (
			);
			dependencies = (
			);
			name = MWCategoryTable;
			productName = MWCategoryTable;
			productReference = 7AE27A802293C41A00F7947B /* MWCategoryTable.app */;
			productType = "com.apple.product-type.application";
		};
/* End PBXNativeTarget section */

/* Begin PBXProject section */
		7AE27A782293C41A00F7947B /* Project object */ = {
			isa = PBXProject;
			attributes = {
				LastUpgradeCheck = 1010;
				ORGANIZATIONNAME = "聽風入髓";
				TargetAttributes = {
					7AE27A7F2293C41A00F7947B = {
						CreatedOnToolsVersion = 10.1;
					};
				};
			};
			buildConfigurationList = 7AE27A7B2293C41A00F7947B /* Build configuration list for PBXProject "MWCategoryTable" */;
			compatibilityVersion = "Xcode 9.3";
			developmentRegion = en;
			hasScannedForEncodings = 0;
			knownRegions = (
				en,
				Base,
			);
			mainGroup = 7AE27A772293C41A00F7947B;
			productRefGroup = 7AE27A812293C41A00F7947B /* Products */;
			projectDirPath = "";
			projectRoot = "";
			targets = (
				7AE27A7F2293C41A00F7947B /* MWCategoryTable */,
			);
		};
/* End PBXProject section */

/* Begin PBXResourcesBuildPhase section */
		7AE27A7E2293C41A00F7947B /* Resources */ = {
			isa = PBXResourcesBuildPhase;
			buildActionMask = 2147483647;
			files = (
				7AE27A902293C41C00F7947B /* LaunchScreen.storyboard in Resources */,
				7AE27A8D2293C41C00F7947B /* Assets.xcassets in Resources */,
			);
			runOnlyForDeploymentPostprocessing = 0;
		};
/* End PBXResourcesBuildPhase section */

/* Begin PBXShellScriptBuildPhase section */
		B58AC8D05C2DEC5AF38BC00C /* [CP] Embed Pods Frameworks */ = {
			isa = PBXShellScriptBuildPhase;
			buildActionMask = 2147483647;
			files = (
			);
			inputFileListPaths = (
			);
			inputPaths = (
				"${PODS_ROOT}/Target Support Files/Pods-MWCategoryTable/Pods-MWCategoryTable-frameworks.sh",
				"${BUILT_PRODUCTS_DIR}/AFNetworking/AFNetworking.framework",
				"${BUILT_PRODUCTS_DIR}/MJRefresh/MJRefresh.framework",
				"${BUILT_PRODUCTS_DIR}/SDWebImage/SDWebImage.framework",
				"${BUILT_PRODUCTS_DIR}/YYKit/YYKit.framework",
				"${BUILT_PRODUCTS_DIR}/libwebp/libwebp.framework",
			);
			name = "[CP] Embed Pods Frameworks";
			outputFileListPaths = (
			);
			outputPaths = (
				"${TARGET_BUILD_DIR}/${FRAMEWORKS_FOLDER_PATH}/AFNetworking.framework",
				"${TARGET_BUILD_DIR}/${FRAMEWORKS_FOLDER_PATH}/MJRefresh.framework",
				"${TARGET_BUILD_DIR}/${FRAMEWORKS_FOLDER_PATH}/SDWebImage.framework",
				"${TARGET_BUILD_DIR}/${FRAMEWORKS_FOLDER_PATH}/YYKit.framework",
				"${TARGET_BUILD_DIR}/${FRAMEWORKS_FOLDER_PATH}/libwebp.framework",
			);
			runOnlyForDeploymentPostprocessing = 0;
			shellPath = /bin/sh;
			shellScript = "\"${PODS_ROOT}/Target Support Files/Pods-MWCategoryTable/Pods-MWCategoryTable-frameworks.sh\"\n";
			showEnvVarsInLog = 0;
		};
		EDB12FC279E94BB4DA50B4B2 /* [CP] Check Pods Manifest.lock */ = {
			isa = PBXShellScriptBuildPhase;
			buildActionMask = 2147483647;
			files = (
			);
			inputFileListPaths = (
			);
			inputPaths = (
				"${PODS_PODFILE_DIR_PATH}/Podfile.lock",
				"${PODS_ROOT}/Manifest.lock",
			);
			name = "[CP] Check Pods Manifest.lock";
			outputFileListPaths = (
			);
			outputPaths = (
				"$(DERIVED_FILE_DIR)/Pods-MWCategoryTable-checkManifestLockResult.txt",
			);
			runOnlyForDeploymentPostprocessing = 0;
			shellPath = /bin/sh;
			shellScript = "diff \"${PODS_PODFILE_DIR_PATH}/Podfile.lock\" \"${PODS_ROOT}/Manifest.lock\" > /dev/null\nif [ $? != 0 ] ; then\n    # print error to STDERR\n    echo \"error: The sandbox is not in sync with the Podfile.lock. Run 'pod install' or update your CocoaPods installation.\" >&2\n    exit 1\nfi\n# This output is used by Xcode 'outputs' to avoid re-running this script phase.\necho \"SUCCESS\" > \"${SCRIPT_OUTPUT_FILE_0}\"\n";
			showEnvVarsInLog = 0;
		};
/* End PBXShellScriptBuildPhase section */

/* Begin PBXSourcesBuildPhase section */
		7AE27A7C2293C41A00F7947B /* Sources */ = {
			isa = PBXSourcesBuildPhase;
			buildActionMask = 2147483647;
			files = (
				7AE27AB22293C9BF00F7947B /* MWCategoryListView.m in Sources */,
				7AE27AA92293C46500F7947B /* UIViewController+Swizzle.m in Sources */,
				7AE27AB52293CAB300F7947B /* MWCategoryTabView.m in Sources */,
				7AE27A932293C41C00F7947B /* main.m in Sources */,
				7A0DCD3422953DA5004A4C41 /* MWCategoryListViewController.m in Sources */,
				7A0DCD3722953DC1004A4C41 /* MWCategoryTableManager.m in Sources */,
				7A0DCD2022951B08004A4C41 /* MWNetwork+Category.m in Sources */,
				7A0DCD2B22951B76004A4C41 /* MWCategoryModel.m in Sources */,
				7A0DCD2E22952503004A4C41 /* MWNewsModel.m in Sources */,
				7AE27AAA2293C46500F7947B /* CallStack.m in Sources */,
				7AE27AAB2293C46500F7947B /* ObserveCaton.m in Sources */,
				7AE27AC02294150000F7947B /* MWCategoryTableCell.m in Sources */,
				7A7BE6CD2296454900DAABDA /* MWNewsCellModel.m in Sources */,
				7A0DCD1C22951A39004A4C41 /* MWNetwork.m in Sources */,
				7A0DCD3B22953E34004A4C41 /* MWCategoryNewsCell.m in Sources */,
				7AE27A852293C41A00F7947B /* AppDelegate.m in Sources */,
			);
			runOnlyForDeploymentPostprocessing = 0;
		};
/* End PBXSourcesBuildPhase section */

/* Begin PBXVariantGroup section */
		7AE27A8E2293C41C00F7947B /* LaunchScreen.storyboard */ = {
			isa = PBXVariantGroup;
			children = (
				7AE27A8F2293C41C00F7947B /* Base */,
			);
			name = LaunchScreen.storyboard;
			sourceTree = "<group>";
		};
/* End PBXVariantGroup section */

/* Begin XCBuildConfiguration section */
		7AE27A942293C41C00F7947B /* Debug */ = {
			isa = XCBuildConfiguration;
			buildSettings = {
				ALWAYS_SEARCH_USER_PATHS = NO;
				CLANG_ANALYZER_NONNULL = YES;
				CLANG_ANALYZER_NUMBER_OBJECT_CONVERSION = YES_AGGRESSIVE;
				CLANG_CXX_LANGUAGE_STANDARD = "gnu++14";
				CLANG_CXX_LIBRARY = "libc++";
				CLANG_ENABLE_MODULES = YES;
				CLANG_ENABLE_OBJC_ARC = YES;
				CLANG_ENABLE_OBJC_WEAK = YES;
				CLANG_WARN_BLOCK_CAPTURE_AUTORELEASING = YES;
				CLANG_WARN_BOOL_CONVERSION = YES;
				CLANG_WARN_COMMA = YES;
				CLANG_WARN_CONSTANT_CONVERSION = YES;
				CLANG_WARN_DEPRECATED_OBJC_IMPLEMENTATIONS = YES;
				CLANG_WARN_DIRECT_OBJC_ISA_USAGE = YES_ERROR;
				CLANG_WARN_DOCUMENTATION_COMMENTS = YES;
				CLANG_WARN_EMPTY_BODY = YES;
				CLANG_WARN_ENUM_CONVERSION = YES;
				CLANG_WARN_INFINITE_RECURSION = YES;
				CLANG_WARN_INT_CONVERSION = YES;
				CLANG_WARN_NON_LITERAL_NULL_CONVERSION = YES;
				CLANG_WARN_OBJC_IMPLICIT_RETAIN_SELF = YES;
				CLANG_WARN_OBJC_LITERAL_CONVERSION = YES;
				CLANG_WARN_OBJC_ROOT_CLASS = YES_ERROR;
				CLANG_WARN_RANGE_LOOP_ANALYSIS = YES;
				CLANG_WARN_STRICT_PROTOTYPES = YES;
				CLANG_WARN_SUSPICIOUS_MOVE = YES;
				CLANG_WARN_UNGUARDED_AVAILABILITY = YES_AGGRESSIVE;
				CLANG_WARN_UNREACHABLE_CODE = YES;
				CLANG_WARN__DUPLICATE_METHOD_MATCH = YES;
				CODE_SIGN_IDENTITY = "iPhone Developer";
				COPY_PHASE_STRIP = NO;
				DEBUG_INFORMATION_FORMAT = dwarf;
				ENABLE_STRICT_OBJC_MSGSEND = YES;
				ENABLE_TESTABILITY = YES;
				GCC_C_LANGUAGE_STANDARD = gnu11;
				GCC_DYNAMIC_NO_PIC = NO;
				GCC_NO_COMMON_BLOCKS = YES;
				GCC_OPTIMIZATION_LEVEL = 0;
				GCC_PREPROCESSOR_DEFINITIONS = (
					"DEBUG=1",
					"$(inherited)",
				);
				GCC_WARN_64_TO_32_BIT_CONVERSION = YES;
				GCC_WARN_ABOUT_RETURN_TYPE = YES_ERROR;
				GCC_WARN_UNDECLARED_SELECTOR = YES;
				GCC_WARN_UNINITIALIZED_AUTOS = YES_AGGRESSIVE;
				GCC_WARN_UNUSED_FUNCTION = YES;
				GCC_WARN_UNUSED_VARIABLE = YES;
				IPHONEOS_DEPLOYMENT_TARGET = 12.1;
				MTL_ENABLE_DEBUG_INFO = INCLUDE_SOURCE;
				MTL_FAST_MATH = YES;
				ONLY_ACTIVE_ARCH = YES;
				SDKROOT = iphoneos;
			};
			name = Debug;
		};
		7AE27A952293C41C00F7947B /* Release */ = {
			isa = XCBuildConfiguration;
			buildSettings = {
				ALWAYS_SEARCH_USER_PATHS = NO;
				CLANG_ANALYZER_NONNULL = YES;
				CLANG_ANALYZER_NUMBER_OBJECT_CONVERSION = YES_AGGRESSIVE;
				CLANG_CXX_LANGUAGE_STANDARD = "gnu++14";
				CLANG_CXX_LIBRARY = "libc++";
				CLANG_ENABLE_MODULES = YES;
				CLANG_ENABLE_OBJC_ARC = YES;
				CLANG_ENABLE_OBJC_WEAK = YES;
				CLANG_WARN_BLOCK_CAPTURE_AUTORELEASING = YES;
				CLANG_WARN_BOOL_CONVERSION = YES;
				CLANG_WARN_COMMA = YES;
				CLANG_WARN_CONSTANT_CONVERSION = YES;
				CLANG_WARN_DEPRECATED_OBJC_IMPLEMENTATIONS = YES;
				CLANG_WARN_DIRECT_OBJC_ISA_USAGE = YES_ERROR;
				CLANG_WARN_DOCUMENTATION_COMMENTS = YES;
				CLANG_WARN_EMPTY_BODY = YES;
				CLANG_WARN_ENUM_CONVERSION = YES;
				CLANG_WARN_INFINITE_RECURSION = YES;
				CLANG_WARN_INT_CONVERSION = YES;
				CLANG_WARN_NON_LITERAL_NULL_CONVERSION = YES;
				CLANG_WARN_OBJC_IMPLICIT_RETAIN_SELF = YES;
				CLANG_WARN_OBJC_LITERAL_CONVERSION = YES;
				CLANG_WARN_OBJC_ROOT_CLASS = YES_ERROR;
				CLANG_WARN_RANGE_LOOP_ANALYSIS = YES;
				CLANG_WARN_STRICT_PROTOTYPES = YES;
				CLANG_WARN_SUSPICIOUS_MOVE = YES;
				CLANG_WARN_UNGUARDED_AVAILABILITY = YES_AGGRESSIVE;
				CLANG_WARN_UNREACHABLE_CODE = YES;
				CLANG_WARN__DUPLICATE_METHOD_MATCH = YES;
				CODE_SIGN_IDENTITY = "iPhone Developer";
				COPY_PHASE_STRIP = NO;
				DEBUG_INFORMATION_FORMAT = "dwarf-with-dsym";
				ENABLE_NS_ASSERTIONS = NO;
				ENABLE_STRICT_OBJC_MSGSEND = YES;
				GCC_C_LANGUAGE_STANDARD = gnu11;
				GCC_NO_COMMON_BLOCKS = YES;
				GCC_WARN_64_TO_32_BIT_CONVERSION = YES;
				GCC_WARN_ABOUT_RETURN_TYPE = YES_ERROR;
				GCC_WARN_UNDECLARED_SELECTOR = YES;
				GCC_WARN_UNINITIALIZED_AUTOS = YES_AGGRESSIVE;
				GCC_WARN_UNUSED_FUNCTION = YES;
				GCC_WARN_UNUSED_VARIABLE = YES;
				IPHONEOS_DEPLOYMENT_TARGET = 12.1;
				MTL_ENABLE_DEBUG_INFO = NO;
				MTL_FAST_MATH = YES;
				SDKROOT = iphoneos;
				VALIDATE_PRODUCT = YES;
			};
			name = Release;
		};
		7AE27A972293C41C00F7947B /* Debug */ = {
			isa = XCBuildConfiguration;
			baseConfigurationReference = CC1EC0FF071AB5A762FFDA08 /* Pods-MWCategoryTable.debug.xcconfig */;
			buildSettings = {
				ASSETCATALOG_COMPILER_APPICON_NAME = AppIcon;
				CODE_SIGN_STYLE = Automatic;
				DEVELOPMENT_TEAM = ME369AXE67;
				INFOPLIST_FILE = MWCategoryTable/Info.plist;
				IPHONEOS_DEPLOYMENT_TARGET = 9.0;
				LD_RUNPATH_SEARCH_PATHS = (
					"$(inherited)",
					"@executable_path/Frameworks",
				);
				PRODUCT_BUNDLE_IDENTIFIER = com.luckybamboo.MWCategoryTable;
				PRODUCT_NAME = "$(TARGET_NAME)";
				TARGETED_DEVICE_FAMILY = "1,2";
			};
			name = Debug;
		};
		7AE27A982293C41C00F7947B /* Release */ = {
			isa = XCBuildConfiguration;
			baseConfigurationReference = 5351903D0191F3A966940541 /* Pods-MWCategoryTable.release.xcconfig */;
			buildSettings = {
				ASSETCATALOG_COMPILER_APPICON_NAME = AppIcon;
				CODE_SIGN_STYLE = Automatic;
				DEVELOPMENT_TEAM = ME369AXE67;
				INFOPLIST_FILE = MWCategoryTable/Info.plist;
				IPHONEOS_DEPLOYMENT_TARGET = 9.0;
				LD_RUNPATH_SEARCH_PATHS = (
					"$(inherited)",
					"@executable_path/Frameworks",
				);
				PRODUCT_BUNDLE_IDENTIFIER = com.luckybamboo.MWCategoryTable;
				PRODUCT_NAME = "$(TARGET_NAME)";
				TARGETED_DEVICE_FAMILY = "1,2";
			};
			name = Release;
		};
/* End XCBuildConfiguration section */

/* Begin XCConfigurationList section */
		7AE27A7B2293C41A00F7947B /* Build configuration list for PBXProject "MWCategoryTable" */ = {
			isa = XCConfigurationList;
			buildConfigurations = (
				7AE27A942293C41C00F7947B /* Debug */,
				7AE27A952293C41C00F7947B /* Release */,
			);
			defaultConfigurationIsVisible = 0;
			defaultConfigurationName = Release;
		};
		7AE27A962293C41C00F7947B /* Build configuration list for PBXNativeTarget "MWCategoryTable" */ = {
			isa = XCConfigurationList;
			buildConfigurations = (
				7AE27A972293C41C00F7947B /* Debug */,
				7AE27A982293C41C00F7947B /* Release */,
			);
			defaultConfigurationIsVisible = 0;
			defaultConfigurationName = Release;
		};
/* End XCConfigurationList section */
	};
	rootObject = 7AE27A782293C41A00F7947B /* Project object */;
}
